
Microsoft Visual Studio Solution File, Format Version 12.00
# Visual Studio Version 17
VisualStudioVersion = 17.5.33516.290
MinimumVisualStudioVersion = 10.0.40219.1
Project("{9A19103F-16F7-4668-BE54-9A1E7A4F7556}") = "FirstMod", "FirstMod.csproj", "{88928847-07FC-4DCD-91A2-DE7642030A95}"
EndProject
Global
	GlobalSection(SolutionConfigurationPlatforms) = preSolution
		Debug|Any CPU = Debug|Any CPU
		Release|Any CPU = Release|Any CPU
	EndGlobalSection
	GlobalSection(ProjectConfigurationPlatforms) = postSolution
		{88928847-07FC-4DCD-91A2-DE7642030A95}.Debug|Any CPU.ActiveCfg = Debug|Any CPU
		{88928847-07FC-4DCD-91A2-DE7642030A95}.Debug|Any CPU.Build.0 = Debug|Any CPU
		{88928847-07FC-4DCD-91A2-DE7642030A95}.Release|Any CPU.ActiveCfg = Release|Any CPU
		{88928847-07FC-4DCD-91A2-DE7642030A95}.Release|Any CPU.Build.0 = Release|Any CPU
	EndGlobalSection
	GlobalSection(SolutionProperties) = preSolution
		HideSolutionNode = FALSE
	EndGlobalSection
	GlobalSection(ExtensibilityGlobals) = postSolution
		SolutionGuid = {F799A13C-15B4-418D-BF4B-339DF62B6766}
	EndGlobalSection
EndGlobal
